{
  "version": "5",
  "specifiers": {
    "jsr:@db/postgres@~0.19.5": "0.19.5",
    "jsr:@denosaurs/plug@^1.1.0": "1.1.0",
    "jsr:@eta-dev/eta@*": "3.5.0",
    "jsr:@eta-dev/eta@^3.5.0": "3.5.0",
    "jsr:@felix/argon2@^3.0.2": "3.0.2",
    "jsr:@std/bytes@^1.0.5": "1.0.6",
    "jsr:@std/crypto@^1.0.4": "1.0.5",
    "jsr:@std/dotenv@*": "0.225.5",
    "jsr:@std/encoding@1": "1.0.10",
    "jsr:@std/encoding@^1.0.9": "1.0.10",
    "jsr:@std/fmt@1": "1.0.8",
    "jsr:@std/fmt@^1.0.6": "1.0.8",
    "jsr:@std/fs@1": "1.0.19",
    "jsr:@std/internal@^1.0.10": "1.0.10",
    "jsr:@std/internal@^1.0.9": "1.0.10",
    "jsr:@std/path@1": "1.1.2",
    "jsr:@std/path@^1.0.8": "1.1.2",
    "jsr:@std/path@^1.1.1": "1.1.2",
    "jsr:@std/path@^1.1.2": "1.1.2",
    "npm:@types/node@*": "24.2.0",
    "npm:hono@^4.10.5": "4.10.5"
  },
  "jsr": {
    "@db/postgres@0.19.5": {
      "integrity": "afdbe608bd066cda2ee5dba37c416d332098b9238c51aec223331108e281954c",
      "dependencies": [
        "jsr:@std/bytes",
        "jsr:@std/crypto",
        "jsr:@std/encoding@^1.0.9",
        "jsr:@std/fmt@^1.0.6",
        "jsr:@std/path@^1.0.8"
      ]
    },
    "@denosaurs/plug@1.1.0": {
      "integrity": "eb2f0b7546c7bca2000d8b0282c54d50d91cf6d75cb26a80df25a6de8c4bc044",
      "dependencies": [
        "jsr:@std/encoding@1",
        "jsr:@std/fmt@1",
        "jsr:@std/fs",
        "jsr:@std/path@1"
      ]
    },
    "@eta-dev/eta@3.5.0": {
      "integrity": "6b70827efc14c7cbf08498ac7a922ecab003641caf3852a6cb5b1b12ee58fb37"
    },
    "@felix/argon2@3.0.2": {
      "integrity": "62a7ab62f29ecc3532b4f28131c383a602bc471dbcb9c74658d8e65f6588208a",
      "dependencies": [
        "jsr:@denosaurs/plug"
      ]
    },
    "@std/bytes@1.0.6": {
      "integrity": "f6ac6adbd8ccd99314045f5703e23af0a68d7f7e58364b47d2c7f408aeb5820a"
    },
    "@std/crypto@1.0.5": {
      "integrity": "0dcfbb319fe0bba1bd3af904ceb4f948cde1b92979ec1614528380ed308a3b40"
    },
    "@std/dotenv@0.225.5": {
      "integrity": "9ce6f9d0ec3311f74a32535aa1b8c62ed88b1ab91b7f0815797d77a6f60c922f"
    },
    "@std/encoding@1.0.10": {
      "integrity": "8783c6384a2d13abd5e9e87a7ae0520a30e9f56aeeaa3bdf910a3eaaf5c811a1"
    },
    "@std/fmt@1.0.8": {
      "integrity": "71e1fc498787e4434d213647a6e43e794af4fd393ef8f52062246e06f7e372b7"
    },
    "@std/fs@1.0.19": {
      "integrity": "051968c2b1eae4d2ea9f79a08a3845740ef6af10356aff43d3e2ef11ed09fb06",
      "dependencies": [
        "jsr:@std/internal@^1.0.9",
        "jsr:@std/path@^1.1.1"
      ]
    },
    "@std/internal@1.0.10": {
      "integrity": "e3be62ce42cab0e177c27698e5d9800122f67b766a0bea6ca4867886cbde8cf7"
    },
    "@std/path@1.1.2": {
      "integrity": "c0b13b97dfe06546d5e16bf3966b1cadf92e1cc83e56ba5476ad8b498d9e3038",
      "dependencies": [
        "jsr:@std/internal@^1.0.10"
      ]
    }
  },
  "npm": {
    "@types/node@24.2.0": {
      "integrity": "sha512-3xyG3pMCq3oYCNg7/ZP+E1ooTaGB4cG8JWRsqqOYQdbWNY4zbaV0Ennrd7stjiJEFZCaybcIgpTjJWHRfBSIDw==",
      "dependencies": [
        "undici-types"
      ]
    },
    "hono@4.10.5": {
      "integrity": "sha512-h/MXuTkoAK8NG1EfDp0jI1YLf6yGdDnfkebRO2pwEh5+hE3RAJFXkCsnD0vamSiARK4ZrB6MY+o3E/hCnOyHrQ=="
    },
    "undici-types@7.10.0": {
      "integrity": "sha512-t5Fy/nfn+14LuOc2KNYg75vZqClpAiqscVvMygNnlsHBFpSXdJaYtXMcdNLpl/Qvc3P2cB3s6lOV51nqsFq4ag=="
    }
  },
  "workspace": {
    "dependencies": [
      "jsr:@db/postgres@~0.19.5",
      "jsr:@eta-dev/eta@^3.5.0",
      "jsr:@felix/argon2@^3.0.2",
      "jsr:@std/path@^1.1.2",
      "npm:hono@^4.10.5"
    ]
  }
}
